{
  "version": 4,
  "terraform_version": "1.5.7",
  "serial": 3,
  "lineage": "c71260d5-6e01-f3cb-eeed-69e84da44f04",
  "outputs": {},
  "resources": [
    {
      "mode": "data",
      "type": "atlas_migration",
      "name": "hello",
      "provider": "provider[\"registry.terraform.io/ariga/atlas\"]",
      "instances": [
        {
          "schema_version": 0,
          "attributes": {
            "cloud": null,
            "config": null,
            "current": "",
            "dir": "migrations?format=atlas",
            "env_name": null,
            "id": "file://migrations?format=atlas",
            "latest": "20250425050754",
            "next": "20250425050754",
            "remote_dir": null,
            "revisions_schema": null,
            "status": "PENDING",
            "url": "mysql://root:pass@localhost:3307/example",
            "variables": null
          },
          "sensitive_attributes": []
        }
      ]
    },
    {
      "mode": "managed",
      "type": "atlas_migration",
      "name": "hello",
      "provider": "provider[\"registry.terraform.io/ariga/atlas\"]",
      "instances": [
        {
          "schema_version": 0,
          "attributes": {
            "baseline": null,
            "cloud": null,
            "config": null,
            "dev_url": null,
            "dir": "migrations?format=atlas",
            "env_name": null,
            "exec_order": null,
            "id": "file://migrations?format=atlas",
            "protected_flows": null,
            "remote_dir": null,
            "revisions_schema": null,
            "status": {
              "current": "20250425050754",
              "latest": "20250425050754",
              "next": null,
              "status": "OK"
            },
            "timeouts": null,
            "url": "mysql://root:pass@localhost:3307/example",
            "variables": null,
            "version": "20250425050754"
          },
          "sensitive_attributes": [
            [
              {
                "type": "get_attr",
                "value": "url"
              }
            ]
          ],
          "dependencies": [
            "data.atlas_migration.hello"
          ]
        }
      ]
    }
  ],
  "check_results": null
}
